
Microsoft Visual Studio Solution File, Format Version 12.00
# Visual Studio 2013
VisualStudioVersion = 12.0.31101.0
MinimumVisualStudioVersion = 10.0.40219.1
Project("{FAE04EC0-301F-11D3-BF4B-00C04F79EFBC}") = "CheckOutApp.Core", "CheckOutApp.Core\CheckOutApp.Core.csproj", "{1E682DB6-5EF2-4FD8-A9A6-07A771F24F4B}"
EndProject
Project("{FAE04EC0-301F-11D3-BF4B-00C04F79EFBC}") = "CheckOutApp.Tests", "CheckOutApp.Tests\CheckOutApp.Tests.csproj", "{B9D20365-DE1A-47AB-83CA-0A0D92333748}"
EndProject
Project("{FAE04EC0-301F-11D3-BF4B-00C04F79EFBC}") = "CheckOutApp.ConsoleApp", "CheckOutApp.ConsoleApp\CheckOutApp.ConsoleApp.csproj", "{EB6458C0-CBB4-4F87-B72C-2EC70C7479D9}"
EndProject
Global
	GlobalSection(SolutionConfigurationPlatforms) = preSolution
		Debug|Any CPU = Debug|Any CPU
		Release|Any CPU = Release|Any CPU
	EndGlobalSection
	GlobalSection(ProjectConfigurationPlatforms) = postSolution
		{1E682DB6-5EF2-4FD8-A9A6-07A771F24F4B}.Debug|Any CPU.ActiveCfg = Debug|Any CPU
		{1E682DB6-5EF2-4FD8-A9A6-07A771F24F4B}.Debug|Any CPU.Build.0 = Debug|Any CPU
		{1E682DB6-5EF2-4FD8-A9A6-07A771F24F4B}.Release|Any CPU.ActiveCfg = Release|Any CPU
		{1E682DB6-5EF2-4FD8-A9A6-07A771F24F4B}.Release|Any CPU.Build.0 = Release|Any CPU
		{B9D20365-DE1A-47AB-83CA-0A0D92333748}.Debug|Any CPU.ActiveCfg = Debug|Any CPU
		{B9D20365-DE1A-47AB-83CA-0A0D92333748}.Debug|Any CPU.Build.0 = Debug|Any CPU
		{B9D20365-DE1A-47AB-83CA-0A0D92333748}.Release|Any CPU.ActiveCfg = Release|Any CPU
		{B9D20365-DE1A-47AB-83CA-0A0D92333748}.Release|Any CPU.Build.0 = Release|Any CPU
		{EB6458C0-CBB4-4F87-B72C-2EC70C7479D9}.Debug|Any CPU.ActiveCfg = Debug|Any CPU
		{EB6458C0-CBB4-4F87-B72C-2EC70C7479D9}.Debug|Any CPU.Build.0 = Debug|Any CPU
		{EB6458C0-CBB4-4F87-B72C-2EC70C7479D9}.Release|Any CPU.ActiveCfg = Release|Any CPU
		{EB6458C0-CBB4-4F87-B72C-2EC70C7479D9}.Release|Any CPU.Build.0 = Release|Any CPU
	EndGlobalSection
	GlobalSection(SolutionProperties) = preSolution
		HideSolutionNode = FALSE
	EndGlobalSection
EndGlobal
